
Microsoft Visual Studio Solution File, Format Version 12.00
# Visual Studio 14
VisualStudioVersion = 14.0.25420.1
MinimumVisualStudioVersion = 10.0.40219.1
Project("{FAE04EC0-301F-11D3-BF4B-00C04F79EFBC}") = "pr3", "pr3\pr3.csproj", "{C2B60618-01BD-47F1-A497-90E34EA067CA}"
EndProject
Global
	GlobalSection(SolutionConfigurationPlatforms) = preSolution
		Debug|Any CPU = Debug|Any CPU
		Release|Any CPU = Release|Any CPU
	EndGlobalSection
	GlobalSection(ProjectConfigurationPlatforms) = postSolution
		{C2B60618-01BD-47F1-A497-90E34EA067CA}.Debug|Any CPU.ActiveCfg = Debug|Any CPU
		{C2B60618-01BD-47F1-A497-90E34EA067CA}.Debug|Any CPU.Build.0 = Debug|Any CPU
		{C2B60618-01BD-47F1-A497-90E34EA067CA}.Release|Any CPU.ActiveCfg = Release|Any CPU
		{C2B60618-01BD-47F1-A497-90E34EA067CA}.Release|Any CPU.Build.0 = Release|Any CPU
	EndGlobalSection
	GlobalSection(SolutionProperties) = preSolution
		HideSolutionNode = FALSE
	EndGlobalSection
EndGlobal
